{
  "name": "tornadochatroom",
  "version": "1.0.0",
  "lockfileVersion": 3,
  "requires": true,
  "packages": {
    "": {
      "name": "tornadochatroom",
      "version": "1.0.0",
      "license": "ISC",
      "dependencies": {
        "@emoji-mart/data": "^1.2.1"
      }
    },
    "node_modules/@emoji-mart/data": {
      "version": "1.2.1",
      "resolved": "https://registry.npmjs.org/@emoji-mart/data/-/data-1.2.1.tgz",
      "integrity": "sha512-no2pQMWiBy6gpBEiqGeU77/bFejDqUTRY7KX+0+iur13op3bqUsXdnwoZs6Xb1zbv0gAj5VvS1PWoUUckSr5Dw==",
      "license": "MIT"
    }
  }
}
